{
  "name": "shared",
  "requires": true,
  "lockfileVersion": 1,
  "dependencies": {
    "fp-ts": {
      "version": "2.11.5",
      "resolved": "https://registry.npmjs.org/fp-ts/-/fp-ts-2.11.5.tgz",
      "integrity": "sha512-OqlwJq1BdpB83BZXTqI+dNcA6uYk6qk4u9Cgnt64Y+XS7dwdbp/mobx8S2KXf2AXH+scNmA/UVK3SEFHR3vHZA=="
    },
    "io-ts": {
      "version": "2.2.16",
      "resolved": "https://registry.npmjs.org/io-ts/-/io-ts-2.2.16.tgz",
      "integrity": "sha512-y5TTSa6VP6le0hhmIyN0dqEXkrZeJLeC5KApJq6VLci3UEKF80lZ+KuoUs02RhBxNWlrqSNxzfI7otLX1Euv8Q=="
    },
    "io-ts-types": {
      "version": "0.5.16",
      "resolved": "https://registry.npmjs.org/io-ts-types/-/io-ts-types-0.5.16.tgz",
      "integrity": "sha512-h9noYVfY9rlbmKI902SJdnV/06jgiT2chxG6lYDxaYNp88HscPi+SBCtmcU+m0E7WT5QSwt7sIMj93+qu0FEwQ=="
    },
    "ts-endpoint": {
      "version": "2.0.0",
      "resolved": "https://registry.npmjs.org/ts-endpoint/-/ts-endpoint-2.0.0.tgz",
      "integrity": "sha512-s8vaqvYXuR8/KbcPiCp1ma8YGS003MQelb9O3JM6o7YpeqZlP6WAWTZzMtn5n7v8hLx8l3HLoHpES/jxVRZf6g==",
      "requires": {
        "fp-ts": "^2.0.0",
        "ts-io-error": "^2.0.0",
        "typelevel-ts": "^0.4.0"
      }
    },
    "ts-io-error": {
      "version": "2.0.0",
      "resolved": "https://registry.npmjs.org/ts-io-error/-/ts-io-error-2.0.0.tgz",
      "integrity": "sha512-NOROR8NaUlDhBnB1yShobR0rv9t6fLSON5hKovA4iMXUTauIC5ZDAAYIoRIU0pQnuhMWcATEc/PR1o12/6bMeg=="
    },
    "typelevel-ts": {
      "version": "0.4.0",
      "resolved": "https://registry.npmjs.org/typelevel-ts/-/typelevel-ts-0.4.0.tgz",
      "integrity": "sha512-Qn4EgOuc7lrzjgJYc7arwteuZutO18zFyhVj4/6+BEhPr07BMsqaM02LuuRCVFP1ud5tbDYGn/Vr/BAYnGOSqw=="
    }
  }
}
